
Microsoft Visual Studio Solution File, Format Version 12.00
# Visual Studio Version 16
VisualStudioVersion = 16.0.32901.82
MinimumVisualStudioVersion = 10.0.40219.1
Project("{FAE04EC0-301F-11D3-BF4B-00C04F79EFBC}") = "Modbus-HF-Reader", "Modbus-HF-Reader\Modbus-HF-Reader.csproj", "{8F1FF166-93CB-418B-B819-1F1D2F9594D7}"
EndProject
Global
	GlobalSection(SolutionConfigurationPlatforms) = preSolution
		Debug|Any CPU = Debug|Any CPU
		Release|Any CPU = Release|Any CPU
	EndGlobalSection
	GlobalSection(ProjectConfigurationPlatforms) = postSolution
		{8F1FF166-93CB-418B-B819-1F1D2F9594D7}.Debug|Any CPU.ActiveCfg = Debug|Any CPU
		{8F1FF166-93CB-418B-B819-1F1D2F9594D7}.Debug|Any CPU.Build.0 = Debug|Any CPU
		{8F1FF166-93CB-418B-B819-1F1D2F9594D7}.Release|Any CPU.ActiveCfg = Release|Any CPU
		{8F1FF166-93CB-418B-B819-1F1D2F9594D7}.Release|Any CPU.Build.0 = Release|Any CPU
	EndGlobalSection
	GlobalSection(SolutionProperties) = preSolution
		HideSolutionNode = FALSE
	EndGlobalSection
	GlobalSection(ExtensibilityGlobals) = postSolution
		SolutionGuid = {4E5E0D51-C5A5-4782-88E8-6726F37393DC}
	EndGlobalSection
EndGlobal
